
Microsoft Visual Studio Solution File, Format Version 12.00
# Visual Studio Version 17
VisualStudioVersion = 17.14.36414.22 d17.14
MinimumVisualStudioVersion = 10.0.40219.1
Project("{8BC9CEB8-8B4A-11D0-8D11-00A0C91BC942}") = "Dll1", "Dll1\Dll1.vcxproj", "{D3E6FC7A-17F5-4480-8115-CCE25246C83A}"
EndProject
Project("{8BC9CEB8-8B4A-11D0-8D11-00A0C91BC942}") = "consoler", "consoler\consoler.vcxproj", "{CD5574F0-3926-4DAF-9268-46C72E320E53}"
EndProject
Global
	GlobalSection(SolutionConfigurationPlatforms) = preSolution
		Debug|x64 = Debug|x64
		Debug|x86 = Debug|x86
		Release|x64 = Release|x64
		Release|x86 = Release|x86
	EndGlobalSection
	GlobalSection(ProjectConfigurationPlatforms) = postSolution
		{D3E6FC7A-17F5-4480-8115-CCE25246C83A}.Debug|x64.ActiveCfg = Debug|x64
		{D3E6FC7A-17F5-4480-8115-CCE25246C83A}.Debug|x64.Build.0 = Debug|x64
		{D3E6FC7A-17F5-4480-8115-CCE25246C83A}.Debug|x86.ActiveCfg = Debug|Win32
		{D3E6FC7A-17F5-4480-8115-CCE25246C83A}.Debug|x86.Build.0 = Debug|Win32
		{D3E6FC7A-17F5-4480-8115-CCE25246C83A}.Release|x64.ActiveCfg = Release|x64
		{D3E6FC7A-17F5-4480-8115-CCE25246C83A}.Release|x64.Build.0 = Release|x64
		{D3E6FC7A-17F5-4480-8115-CCE25246C83A}.Release|x86.ActiveCfg = Release|Win32
		{D3E6FC7A-17F5-4480-8115-CCE25246C83A}.Release|x86.Build.0 = Release|Win32
		{CD5574F0-3926-4DAF-9268-46C72E320E53}.Debug|x64.ActiveCfg = Debug|x64
		{CD5574F0-3926-4DAF-9268-46C72E320E53}.Debug|x64.Build.0 = Debug|x64
		{CD5574F0-3926-4DAF-9268-46C72E320E53}.Debug|x86.ActiveCfg = Debug|Win32
		{CD5574F0-3926-4DAF-9268-46C72E320E53}.Debug|x86.Build.0 = Debug|Win32
		{CD5574F0-3926-4DAF-9268-46C72E320E53}.Release|x64.ActiveCfg = Release|x64
		{CD5574F0-3926-4DAF-9268-46C72E320E53}.Release|x64.Build.0 = Release|x64
		{CD5574F0-3926-4DAF-9268-46C72E320E53}.Release|x86.ActiveCfg = Release|Win32
		{CD5574F0-3926-4DAF-9268-46C72E320E53}.Release|x86.Build.0 = Release|Win32
	EndGlobalSection
	GlobalSection(SolutionProperties) = preSolution
		HideSolutionNode = FALSE
	EndGlobalSection
	GlobalSection(ExtensibilityGlobals) = postSolution
		SolutionGuid = {E68C661A-661D-4D2D-ACC5-ED5F559B6C06}
	EndGlobalSection
EndGlobal
